// !$*UTF8*$!
{
	archiveVersion = 1;
	classes = {
	};
	objectVersion = 52;
	objects = {

/* Begin PBXBuildFile section */
		D532937A1E4A841E002798B3 /* math3d.cpp in Sources */ = {isa = PBXBuildFile; fileRef = D53293751E4A841E002798B3 /* math3d.cpp */; };
		D532937B1E4A841E002798B3 /* math3d.h in Headers */ = {isa = PBXBuildFile; fileRef = D53293761E4A841E002798B3 /* math3d.h */; };
		D532937C1E4A841E002798B3 /* powell.cpp in Sources */ = {isa = PBXBuildFile; fileRef = D53293771E4A841E002798B3 /* powell.cpp */; };
		D532937D1E4A841E002798B3 /* powell.h in Headers */ = {isa = PBXBuildFile; fileRef = D53293781E4A841E002798B3 /* powell.h */; };
		D57B6A5D209B4A4F001CABD5 /* mat3d.h in Headers */ = {isa = PBXBuildFile; fileRef = D57B6A5A209B4A4F001CABD5 /* mat3d.h */; };
		D57B6A5E209B4A4F001CABD5 /* mat3d.cpp in Sources */ = {isa = PBXBuildFile; fileRef = D57B6A5B209B4A4F001CABD5 /* mat3d.cpp */; };
		D57B6A5F209B4A4F001CABD5 /* mat3d.hpp in Headers */ = {isa = PBXBuildFile; fileRef = D57B6A5C209B4A4F001CABD5 /* mat3d.hpp */; };
		D57B6A62209B4A8F001CABD5 /* eig3.cpp in Sources */ = {isa = PBXBuildFile; fileRef = D57B6A60209B4A8F001CABD5 /* eig3.cpp */; };
		D57B6A63209B4A8F001CABD5 /* eig3.h in Headers */ = {isa = PBXBuildFile; fileRef = D57B6A61209B4A8F001CABD5 /* eig3.h */; };
		D57B6A66209B4AC3001CABD5 /* LUSolver.h in Headers */ = {isa = PBXBuildFile; fileRef = D57B6A64209B4AC3001CABD5 /* LUSolver.h */; };
		D57B6A67209B4AC3001CABD5 /* LUSolver.cpp in Sources */ = {isa = PBXBuildFile; fileRef = D57B6A65209B4AC3001CABD5 /* LUSolver.cpp */; };
		D57B6A6A209B4ADE001CABD5 /* DenseMatrix.h in Headers */ = {isa = PBXBuildFile; fileRef = D57B6A68209B4ADE001CABD5 /* DenseMatrix.h */; };
		D57B6A6B209B4ADE001CABD5 /* DenseMatrix.cpp in Sources */ = {isa = PBXBuildFile; fileRef = D57B6A69209B4ADE001CABD5 /* DenseMatrix.cpp */; };
		D5D7154C2359F2AE002FCF98 /* Transform.h in Headers */ = {isa = PBXBuildFile; fileRef = D5D7154B2359F2AE002FCF98 /* Transform.h */; };
		D5ED25CD23197A0400C16BF7 /* linsolver.cpp in Sources */ = {isa = PBXBuildFile; fileRef = D5ED25C423197A0300C16BF7 /* linsolver.cpp */; };
		D5ED25CE23197A0400C16BF7 /* stdafx.h in Headers */ = {isa = PBXBuildFile; fileRef = D5ED25C523197A0300C16BF7 /* stdafx.h */; };
		D5ED25CF23197A0400C16BF7 /* Interpolator.cpp in Sources */ = {isa = PBXBuildFile; fileRef = D5ED25C623197A0300C16BF7 /* Interpolator.cpp */; };
		D5ED25D023197A0400C16BF7 /* LinearRegression.h in Headers */ = {isa = PBXBuildFile; fileRef = D5ED25C723197A0300C16BF7 /* LinearRegression.h */; };
		D5ED25D123197A0400C16BF7 /* MathParser.cpp in Sources */ = {isa = PBXBuildFile; fileRef = D5ED25C823197A0300C16BF7 /* MathParser.cpp */; };
		D5ED25D223197A0400C16BF7 /* LinearRegression.cpp in Sources */ = {isa = PBXBuildFile; fileRef = D5ED25C923197A0300C16BF7 /* LinearRegression.cpp */; };
		D5ED25D323197A0400C16BF7 /* Interpolator.h in Headers */ = {isa = PBXBuildFile; fileRef = D5ED25CA23197A0300C16BF7 /* Interpolator.h */; };
		D5ED25D423197A0400C16BF7 /* linsolver.h in Headers */ = {isa = PBXBuildFile; fileRef = D5ED25CB23197A0300C16BF7 /* linsolver.h */; };
		D5ED25D523197A0400C16BF7 /* MathParser.h in Headers */ = {isa = PBXBuildFile; fileRef = D5ED25CC23197A0400C16BF7 /* MathParser.h */; };
/* End PBXBuildFile section */

/* Begin PBXFileReference section */
		D53293651E4A8410002798B3 /* libMathLib.a */ = {isa = PBXFileReference; explicitFileType = archive.ar; includeInIndex = 0; path = libMathLib.a; sourceTree = BUILT_PRODUCTS_DIR; };
		D53293751E4A841E002798B3 /* math3d.cpp */ = {isa = PBXFileReference; fileEncoding = 4; lastKnownFileType = sourcecode.cpp.cpp; path = math3d.cpp; sourceTree = "<group>"; };
		D53293761E4A841E002798B3 /* math3d.h */ = {isa = PBXFileReference; fileEncoding = 4; lastKnownFileType = sourcecode.c.h; path = math3d.h; sourceTree = "<group>"; };
		D53293771E4A841E002798B3 /* powell.cpp */ = {isa = PBXFileReference; fileEncoding = 4; lastKnownFileType = sourcecode.cpp.cpp; path = powell.cpp; sourceTree = "<group>"; };
		D53293781E4A841E002798B3 /* powell.h */ = {isa = PBXFileReference; fileEncoding = 4; lastKnownFileType = sourcecode.c.h; path = powell.h; sourceTree = "<group>"; };
		D57B6A5A209B4A4F001CABD5 /* mat3d.h */ = {isa = PBXFileReference; fileEncoding = 4; lastKnownFileType = sourcecode.c.h; path = mat3d.h; sourceTree = "<group>"; };
		D57B6A5B209B4A4F001CABD5 /* mat3d.cpp */ = {isa = PBXFileReference; fileEncoding = 4; lastKnownFileType = sourcecode.cpp.cpp; path = mat3d.cpp; sourceTree = "<group>"; };
		D57B6A5C209B4A4F001CABD5 /* mat3d.hpp */ = {isa = PBXFileReference; fileEncoding = 4; lastKnownFileType = sourcecode.cpp.h; path = mat3d.hpp; sourceTree = "<group>"; };
		D57B6A60209B4A8F001CABD5 /* eig3.cpp */ = {isa = PBXFileReference; fileEncoding = 4; lastKnownFileType = sourcecode.cpp.cpp; path = eig3.cpp; sourceTree = "<group>"; };
		D57B6A61209B4A8F001CABD5 /* eig3.h */ = {isa = PBXFileReference; fileEncoding = 4; lastKnownFileType = sourcecode.c.h; path = eig3.h; sourceTree = "<group>"; };
		D57B6A64209B4AC3001CABD5 /* LUSolver.h */ = {isa = PBXFileReference; fileEncoding = 4; lastKnownFileType = sourcecode.c.h; path = LUSolver.h; sourceTree = "<group>"; };
		D57B6A65209B4AC3001CABD5 /* LUSolver.cpp */ = {isa = PBXFileReference; fileEncoding = 4; lastKnownFileType = sourcecode.cpp.cpp; path = LUSolver.cpp; sourceTree = "<group>"; };
		D57B6A68209B4ADE001CABD5 /* DenseMatrix.h */ = {isa = PBXFileReference; fileEncoding = 4; lastKnownFileType = sourcecode.c.h; path = DenseMatrix.h; sourceTree = "<group>"; };
		D57B6A69209B4ADE001CABD5 /* DenseMatrix.cpp */ = {isa = PBXFileReference; fileEncoding = 4; lastKnownFileType = sourcecode.cpp.cpp; path = DenseMatrix.cpp; sourceTree = "<group>"; };
		D5D7154B2359F2AE002FCF98 /* Transform.h */ = {isa = PBXFileReference; fileEncoding = 4; lastKnownFileType = sourcecode.c.h; path = Transform.h; sourceTree = "<group>"; };
		D5ED25C423197A0300C16BF7 /* linsolver.cpp */ = {isa = PBXFileReference; fileEncoding = 4; lastKnownFileType = sourcecode.cpp.cpp; path = linsolver.cpp; sourceTree = "<group>"; };
		D5ED25C523197A0300C16BF7 /* stdafx.h */ = {isa = PBXFileReference; fileEncoding = 4; lastKnownFileType = sourcecode.c.h; path = stdafx.h; sourceTree = "<group>"; };
		D5ED25C623197A0300C16BF7 /* Interpolator.cpp */ = {isa = PBXFileReference; fileEncoding = 4; lastKnownFileType = sourcecode.cpp.cpp; path = Interpolator.cpp; sourceTree = "<group>"; };
		D5ED25C723197A0300C16BF7 /* LinearRegression.h */ = {isa = PBXFileReference; fileEncoding = 4; lastKnownFileType = sourcecode.c.h; path = LinearRegression.h; sourceTree = "<group>"; };
		D5ED25C823197A0300C16BF7 /* MathParser.cpp */ = {isa = PBXFileReference; fileEncoding = 4; lastKnownFileType = sourcecode.cpp.cpp; path = MathParser.cpp; sourceTree = "<group>"; };
		D5ED25C923197A0300C16BF7 /* LinearRegression.cpp */ = {isa = PBXFileReference; fileEncoding = 4; lastKnownFileType = sourcecode.cpp.cpp; path = LinearRegression.cpp; sourceTree = "<group>"; };
		D5ED25CA23197A0300C16BF7 /* Interpolator.h */ = {isa = PBXFileReference; fileEncoding = 4; lastKnownFileType = sourcecode.c.h; path = Interpolator.h; sourceTree = "<group>"; };
		D5ED25CB23197A0300C16BF7 /* linsolver.h */ = {isa = PBXFileReference; fileEncoding = 4; lastKnownFileType = sourcecode.c.h; path = linsolver.h; sourceTree = "<group>"; };
		D5ED25CC23197A0400C16BF7 /* MathParser.h */ = {isa = PBXFileReference; fileEncoding = 4; lastKnownFileType = sourcecode.c.h; path = MathParser.h; sourceTree = "<group>"; };
/* End PBXFileReference section */

/* Begin PBXFrameworksBuildPhase section */
		D53293621E4A8410002798B3 /* Frameworks */ = {
			isa = PBXFrameworksBuildPhase;
			buildActionMask = 2147483647;
			files = (
			);
			runOnlyForDeploymentPostprocessing = 0;
		};
/* End PBXFrameworksBuildPhase section */

/* Begin PBXGroup section */
		D532935C1E4A8410002798B3 = {
			isa = PBXGroup;
			children = (
				D53293731E4A841E002798B3 /* MathLib */,
				D53293661E4A8410002798B3 /* Products */,
			);
			sourceTree = "<group>";
		};
		D53293661E4A8410002798B3 /* Products */ = {
			isa = PBXGroup;
			children = (
				D53293651E4A8410002798B3 /* libMathLib.a */,
			);
			name = Products;
			sourceTree = "<group>";
		};
		D53293731E4A841E002798B3 /* MathLib */ = {
			isa = PBXGroup;
			children = (
				D57B6A69209B4ADE001CABD5 /* DenseMatrix.cpp */,
				D57B6A68209B4ADE001CABD5 /* DenseMatrix.h */,
				D57B6A60209B4A8F001CABD5 /* eig3.cpp */,
				D57B6A61209B4A8F001CABD5 /* eig3.h */,
				D5ED25C623197A0300C16BF7 /* Interpolator.cpp */,
				D5ED25CA23197A0300C16BF7 /* Interpolator.h */,
				D5ED25C923197A0300C16BF7 /* LinearRegression.cpp */,
				D5ED25C723197A0300C16BF7 /* LinearRegression.h */,
				D5ED25C423197A0300C16BF7 /* linsolver.cpp */,
				D5ED25CB23197A0300C16BF7 /* linsolver.h */,
				D57B6A65209B4AC3001CABD5 /* LUSolver.cpp */,
				D57B6A64209B4AC3001CABD5 /* LUSolver.h */,
				D57B6A5B209B4A4F001CABD5 /* mat3d.cpp */,
				D57B6A5A209B4A4F001CABD5 /* mat3d.h */,
				D57B6A5C209B4A4F001CABD5 /* mat3d.hpp */,
				D53293751E4A841E002798B3 /* math3d.cpp */,
				D53293761E4A841E002798B3 /* math3d.h */,
				D5ED25C823197A0300C16BF7 /* MathParser.cpp */,
				D5ED25CC23197A0400C16BF7 /* MathParser.h */,
				D53293771E4A841E002798B3 /* powell.cpp */,
				D53293781E4A841E002798B3 /* powell.h */,
				D5ED25C523197A0300C16BF7 /* stdafx.h */,
				D5D7154B2359F2AE002FCF98 /* Transform.h */,
			);
			name = MathLib;
			path = ../../MathLib;
			sourceTree = "<group>";
		};
/* End PBXGroup section */

/* Begin PBXHeadersBuildPhase section */
		D53293631E4A8410002798B3 /* Headers */ = {
			isa = PBXHeadersBuildPhase;
			buildActionMask = 2147483647;
			files = (
				D5ED25CE23197A0400C16BF7 /* stdafx.h in Headers */,
				D57B6A63209B4A8F001CABD5 /* eig3.h in Headers */,
				D57B6A6A209B4ADE001CABD5 /* DenseMatrix.h in Headers */,
				D57B6A5F209B4A4F001CABD5 /* mat3d.hpp in Headers */,
				D57B6A66209B4AC3001CABD5 /* LUSolver.h in Headers */,
				D5ED25D523197A0400C16BF7 /* MathParser.h in Headers */,
				D5ED25D323197A0400C16BF7 /* Interpolator.h in Headers */,
				D5D7154C2359F2AE002FCF98 /* Transform.h in Headers */,
				D5ED25D023197A0400C16BF7 /* LinearRegression.h in Headers */,
				D5ED25D423197A0400C16BF7 /* linsolver.h in Headers */,
				D57B6A5D209B4A4F001CABD5 /* mat3d.h in Headers */,
				D532937B1E4A841E002798B3 /* math3d.h in Headers */,
				D532937D1E4A841E002798B3 /* powell.h in Headers */,
			);
			runOnlyForDeploymentPostprocessing = 0;
		};
/* End PBXHeadersBuildPhase section */

/* Begin PBXNativeTarget section */
		D53293641E4A8410002798B3 /* MathLib */ = {
			isa = PBXNativeTarget;
			buildConfigurationList = D53293701E4A8410002798B3 /* Build configuration list for PBXNativeTarget "MathLib" */;
			buildPhases = (
				D53293611E4A8410002798B3 /* Sources */,
				D53293621E4A8410002798B3 /* Frameworks */,
				D53293631E4A8410002798B3 /* Headers */,
			);
			buildRules = (
			);
			dependencies = (
			);
			name = MathLib;
			productName = MathLib;
			productReference = D53293651E4A8410002798B3 /* libMathLib.a */;
			productType = "com.apple.product-type.library.static";
		};
/* End PBXNativeTarget section */

/* Begin PBXProject section */
		D532935D1E4A8410002798B3 /* Project object */ = {
			isa = PBXProject;
			attributes = {
				LastUpgradeCheck = 1030;
				ORGANIZATIONNAME = febio.org;
				TargetAttributes = {
					D53293641E4A8410002798B3 = {
						CreatedOnToolsVersion = 8.2.1;
						ProvisioningStyle = Automatic;
					};
				};
			};
			buildConfigurationList = D53293601E4A8410002798B3 /* Build configuration list for PBXProject "MathLib" */;
			compatibilityVersion = "Xcode 11.0";
			developmentRegion = en;
			hasScannedForEncodings = 0;
			knownRegions = (
				en,
				Base,
			);
			mainGroup = D532935C1E4A8410002798B3;
			productRefGroup = D53293661E4A8410002798B3 /* Products */;
			projectDirPath = "";
			projectRoot = "";
			targets = (
				D53293641E4A8410002798B3 /* MathLib */,
			);
		};
/* End PBXProject section */

/* Begin PBXSourcesBuildPhase section */
		D53293611E4A8410002798B3 /* Sources */ = {
			isa = PBXSourcesBuildPhase;
			buildActionMask = 2147483647;
			files = (
				D5ED25CD23197A0400C16BF7 /* linsolver.cpp in Sources */,
				D532937C1E4A841E002798B3 /* powell.cpp in Sources */,
				D532937A1E4A841E002798B3 /* math3d.cpp in Sources */,
				D5ED25D223197A0400C16BF7 /* LinearRegression.cpp in Sources */,
				D57B6A62209B4A8F001CABD5 /* eig3.cpp in Sources */,
				D5ED25CF23197A0400C16BF7 /* Interpolator.cpp in Sources */,
				D57B6A5E209B4A4F001CABD5 /* mat3d.cpp in Sources */,
				D5ED25D123197A0400C16BF7 /* MathParser.cpp in Sources */,
				D57B6A67209B4AC3001CABD5 /* LUSolver.cpp in Sources */,
				D57B6A6B209B4ADE001CABD5 /* DenseMatrix.cpp in Sources */,
			);
			runOnlyForDeploymentPostprocessing = 0;
		};
/* End PBXSourcesBuildPhase section */

/* Begin XCBuildConfiguration section */
		D532936E1E4A8410002798B3 /* Debug */ = {
			isa = XCBuildConfiguration;
			buildSettings = {
				ALWAYS_SEARCH_USER_PATHS = YES;
				CLANG_ANALYZER_LOCALIZABILITY_NONLOCALIZED = YES;
				CLANG_ANALYZER_NONNULL = YES;
				CLANG_CXX_LANGUAGE_STANDARD = "gnu++17";
				CLANG_CXX_LIBRARY = "compiler-default";
				CLANG_ENABLE_MODULES = YES;
				CLANG_ENABLE_OBJC_ARC = YES;
				CLANG_WARN_BLOCK_CAPTURE_AUTORELEASING = YES;
				CLANG_WARN_BOOL_CONVERSION = YES;
				CLANG_WARN_COMMA = YES;
				CLANG_WARN_CONSTANT_CONVERSION = YES;
				CLANG_WARN_DEPRECATED_OBJC_IMPLEMENTATIONS = YES;
				CLANG_WARN_DIRECT_OBJC_ISA_USAGE = YES_ERROR;
				CLANG_WARN_DOCUMENTATION_COMMENTS = YES;
				CLANG_WARN_EMPTY_BODY = YES;
				CLANG_WARN_ENUM_CONVERSION = YES;
				CLANG_WARN_INFINITE_RECURSION = YES;
				CLANG_WARN_INT_CONVERSION = YES;
				CLANG_WARN_NON_LITERAL_NULL_CONVERSION = YES;
				CLANG_WARN_OBJC_IMPLICIT_RETAIN_SELF = YES;
				CLANG_WARN_OBJC_LITERAL_CONVERSION = YES;
				CLANG_WARN_OBJC_ROOT_CLASS = YES_ERROR;
				CLANG_WARN_RANGE_LOOP_ANALYSIS = YES;
				CLANG_WARN_STRICT_PROTOTYPES = YES;
				CLANG_WARN_SUSPICIOUS_MOVE = YES;
				CLANG_WARN_UNREACHABLE_CODE = YES;
				CLANG_WARN__DUPLICATE_METHOD_MATCH = YES;
				CODE_SIGN_IDENTITY = "-";
				COPY_PHASE_STRIP = NO;
				DEBUG_INFORMATION_FORMAT = dwarf;
				ENABLE_STRICT_OBJC_MSGSEND = YES;
				ENABLE_TESTABILITY = YES;
				GCC_C_LANGUAGE_STANDARD = gnu99;
				GCC_DYNAMIC_NO_PIC = NO;
				GCC_NO_COMMON_BLOCKS = YES;
				GCC_OPTIMIZATION_LEVEL = 0;
				GCC_PREPROCESSOR_DEFINITIONS = (
					"DEBUG=1",
					"$(inherited)",
				);
				GCC_WARN_64_TO_32_BIT_CONVERSION = YES;
				GCC_WARN_ABOUT_RETURN_TYPE = YES_ERROR;
				GCC_WARN_UNDECLARED_SELECTOR = YES;
				GCC_WARN_UNINITIALIZED_AUTOS = YES_AGGRESSIVE;
				GCC_WARN_UNUSED_FUNCTION = YES;
				GCC_WARN_UNUSED_VARIABLE = YES;
				MACOSX_DEPLOYMENT_TARGET = 10.15;
				MTL_ENABLE_DEBUG_INFO = YES;
				ONLY_ACTIVE_ARCH = YES;
				SDKROOT = macosx;
				USER_HEADER_SEARCH_PATHS = "$(SRCROOT)/../..";
			};
			name = Debug;
		};
		D532936F1E4A8410002798B3 /* Release */ = {
			isa = XCBuildConfiguration;
			buildSettings = {
				ALWAYS_SEARCH_USER_PATHS = YES;
				CLANG_ANALYZER_LOCALIZABILITY_NONLOCALIZED = YES;
				CLANG_ANALYZER_NONNULL = YES;
				CLANG_CXX_LANGUAGE_STANDARD = "gnu++17";
				CLANG_CXX_LIBRARY = "compiler-default";
				CLANG_ENABLE_MODULES = YES;
				CLANG_ENABLE_OBJC_ARC = YES;
				CLANG_WARN_BLOCK_CAPTURE_AUTORELEASING = YES;
				CLANG_WARN_BOOL_CONVERSION = YES;
				CLANG_WARN_COMMA = YES;
				CLANG_WARN_CONSTANT_CONVERSION = YES;
				CLANG_WARN_DEPRECATED_OBJC_IMPLEMENTATIONS = YES;
				CLANG_WARN_DIRECT_OBJC_ISA_USAGE = YES_ERROR;
				CLANG_WARN_DOCUMENTATION_COMMENTS = YES;
				CLANG_WARN_EMPTY_BODY = YES;
				CLANG_WARN_ENUM_CONVERSION = YES;
				CLANG_WARN_INFINITE_RECURSION = YES;
				CLANG_WARN_INT_CONVERSION = YES;
				CLANG_WARN_NON_LITERAL_NULL_CONVERSION = YES;
				CLANG_WARN_OBJC_IMPLICIT_RETAIN_SELF = YES;
				CLANG_WARN_OBJC_LITERAL_CONVERSION = YES;
				CLANG_WARN_OBJC_ROOT_CLASS = YES_ERROR;
				CLANG_WARN_RANGE_LOOP_ANALYSIS = YES;
				CLANG_WARN_STRICT_PROTOTYPES = YES;
				CLANG_WARN_SUSPICIOUS_MOVE = YES;
				CLANG_WARN_UNREACHABLE_CODE = YES;
				CLANG_WARN__DUPLICATE_METHOD_MATCH = YES;
				CODE_SIGN_IDENTITY = "-";
				COPY_PHASE_STRIP = NO;
				DEBUG_INFORMATION_FORMAT = "dwarf-with-dsym";
				ENABLE_NS_ASSERTIONS = NO;
				ENABLE_STRICT_OBJC_MSGSEND = YES;
				GCC_C_LANGUAGE_STANDARD = gnu99;
				GCC_NO_COMMON_BLOCKS = YES;
				GCC_WARN_64_TO_32_BIT_CONVERSION = YES;
				GCC_WARN_ABOUT_RETURN_TYPE = YES_ERROR;
				GCC_WARN_UNDECLARED_SELECTOR = YES;
				GCC_WARN_UNINITIALIZED_AUTOS = YES_AGGRESSIVE;
				GCC_WARN_UNUSED_FUNCTION = YES;
				GCC_WARN_UNUSED_VARIABLE = YES;
				MACOSX_DEPLOYMENT_TARGET = 10.15;
				MTL_ENABLE_DEBUG_INFO = NO;
				SDKROOT = macosx;
				USER_HEADER_SEARCH_PATHS = "$(SRCROOT)/../..";
			};
			name = Release;
		};
		D53293711E4A8410002798B3 /* Debug */ = {
			isa = XCBuildConfiguration;
			buildSettings = {
				EXECUTABLE_PREFIX = lib;
				GCC_ENABLE_CPP_EXCEPTIONS = YES;
				GCC_ENABLE_CPP_RTTI = YES;
				PRODUCT_NAME = "$(TARGET_NAME)";
			};
			name = Debug;
		};
		D53293721E4A8410002798B3 /* Release */ = {
			isa = XCBuildConfiguration;
			buildSettings = {
				EXECUTABLE_PREFIX = lib;
				GCC_ENABLE_CPP_EXCEPTIONS = YES;
				GCC_ENABLE_CPP_RTTI = YES;
				OTHER_CPLUSPLUSFLAGS = (
					"$(OTHER_CFLAGS)",
					"-DNDEBUG",
				);
				PRODUCT_NAME = "$(TARGET_NAME)";
			};
			name = Release;
		};
/* End XCBuildConfiguration section */

/* Begin XCConfigurationList section */
		D53293601E4A8410002798B3 /* Build configuration list for PBXProject "MathLib" */ = {
			isa = XCConfigurationList;
			buildConfigurations = (
				D532936E1E4A8410002798B3 /* Debug */,
				D532936F1E4A8410002798B3 /* Release */,
			);
			defaultConfigurationIsVisible = 0;
			defaultConfigurationName = Release;
		};
		D53293701E4A8410002798B3 /* Build configuration list for PBXNativeTarget "MathLib" */ = {
			isa = XCConfigurationList;
			buildConfigurations = (
				D53293711E4A8410002798B3 /* Debug */,
				D53293721E4A8410002798B3 /* Release */,
			);
			defaultConfigurationIsVisible = 0;
			defaultConfigurationName = Release;
		};
/* End XCConfigurationList section */
	};
	rootObject = D532935D1E4A8410002798B3 /* Project object */;
}
