// !$*UTF8*$!
{
	archiveVersion = 1;
	classes = {
	};
	objectVersion = 52;
	objects = {

/* Begin PBXBuildFile section */
		D5ED268223197D3E00C16BF7 /* FELSDYNAimport.cpp in Sources */ = {isa = PBXBuildFile; fileRef = D5ED267C23197D3E00C16BF7 /* FELSDYNAimport.cpp */; };
		D5ED268323197D3E00C16BF7 /* LSDYNAModel.cpp in Sources */ = {isa = PBXBuildFile; fileRef = D5ED267D23197D3E00C16BF7 /* LSDYNAModel.cpp */; };
		D5ED268423197D3E00C16BF7 /* FELSDYNAexport.cpp in Sources */ = {isa = PBXBuildFile; fileRef = D5ED267E23197D3E00C16BF7 /* FELSDYNAexport.cpp */; };
		D5ED268523197D3E00C16BF7 /* FELSDYNAexport.h in Headers */ = {isa = PBXBuildFile; fileRef = D5ED267F23197D3E00C16BF7 /* FELSDYNAexport.h */; };
		D5ED268623197D3E00C16BF7 /* FELSDYNAimport.h in Headers */ = {isa = PBXBuildFile; fileRef = D5ED268023197D3E00C16BF7 /* FELSDYNAimport.h */; };
		D5ED268723197D3E00C16BF7 /* LSDYNAModel.h in Headers */ = {isa = PBXBuildFile; fileRef = D5ED268123197D3E00C16BF7 /* LSDYNAModel.h */; };
/* End PBXBuildFile section */

/* Begin PBXFileReference section */
		D5ED266D23197D0300C16BF7 /* libLSDyna.a */ = {isa = PBXFileReference; explicitFileType = archive.ar; includeInIndex = 0; path = libLSDyna.a; sourceTree = BUILT_PRODUCTS_DIR; };
		D5ED267C23197D3E00C16BF7 /* FELSDYNAimport.cpp */ = {isa = PBXFileReference; fileEncoding = 4; lastKnownFileType = sourcecode.cpp.cpp; path = FELSDYNAimport.cpp; sourceTree = "<group>"; };
		D5ED267D23197D3E00C16BF7 /* LSDYNAModel.cpp */ = {isa = PBXFileReference; fileEncoding = 4; lastKnownFileType = sourcecode.cpp.cpp; path = LSDYNAModel.cpp; sourceTree = "<group>"; };
		D5ED267E23197D3E00C16BF7 /* FELSDYNAexport.cpp */ = {isa = PBXFileReference; fileEncoding = 4; lastKnownFileType = sourcecode.cpp.cpp; path = FELSDYNAexport.cpp; sourceTree = "<group>"; };
		D5ED267F23197D3E00C16BF7 /* FELSDYNAexport.h */ = {isa = PBXFileReference; fileEncoding = 4; lastKnownFileType = sourcecode.c.h; path = FELSDYNAexport.h; sourceTree = "<group>"; };
		D5ED268023197D3E00C16BF7 /* FELSDYNAimport.h */ = {isa = PBXFileReference; fileEncoding = 4; lastKnownFileType = sourcecode.c.h; path = FELSDYNAimport.h; sourceTree = "<group>"; };
		D5ED268123197D3E00C16BF7 /* LSDYNAModel.h */ = {isa = PBXFileReference; fileEncoding = 4; lastKnownFileType = sourcecode.c.h; path = LSDYNAModel.h; sourceTree = "<group>"; };
/* End PBXFileReference section */

/* Begin PBXFrameworksBuildPhase section */
		D5ED266A23197D0300C16BF7 /* Frameworks */ = {
			isa = PBXFrameworksBuildPhase;
			buildActionMask = 2147483647;
			files = (
			);
			runOnlyForDeploymentPostprocessing = 0;
		};
/* End PBXFrameworksBuildPhase section */

/* Begin PBXGroup section */
		D5ED266423197D0300C16BF7 = {
			isa = PBXGroup;
			children = (
				D5ED267B23197D3E00C16BF7 /* LSDyna */,
				D5ED266E23197D0300C16BF7 /* Products */,
			);
			sourceTree = "<group>";
		};
		D5ED266E23197D0300C16BF7 /* Products */ = {
			isa = PBXGroup;
			children = (
				D5ED266D23197D0300C16BF7 /* libLSDyna.a */,
			);
			name = Products;
			sourceTree = "<group>";
		};
		D5ED267B23197D3E00C16BF7 /* LSDyna */ = {
			isa = PBXGroup;
			children = (
				D5ED267C23197D3E00C16BF7 /* FELSDYNAimport.cpp */,
				D5ED267D23197D3E00C16BF7 /* LSDYNAModel.cpp */,
				D5ED267E23197D3E00C16BF7 /* FELSDYNAexport.cpp */,
				D5ED267F23197D3E00C16BF7 /* FELSDYNAexport.h */,
				D5ED268023197D3E00C16BF7 /* FELSDYNAimport.h */,
				D5ED268123197D3E00C16BF7 /* LSDYNAModel.h */,
			);
			name = LSDyna;
			path = ../../LSDyna;
			sourceTree = "<group>";
		};
/* End PBXGroup section */

/* Begin PBXHeadersBuildPhase section */
		D5ED266B23197D0300C16BF7 /* Headers */ = {
			isa = PBXHeadersBuildPhase;
			buildActionMask = 2147483647;
			files = (
				D5ED268523197D3E00C16BF7 /* FELSDYNAexport.h in Headers */,
				D5ED268723197D3E00C16BF7 /* LSDYNAModel.h in Headers */,
				D5ED268623197D3E00C16BF7 /* FELSDYNAimport.h in Headers */,
			);
			runOnlyForDeploymentPostprocessing = 0;
		};
/* End PBXHeadersBuildPhase section */

/* Begin PBXNativeTarget section */
		D5ED266C23197D0300C16BF7 /* LSDyna */ = {
			isa = PBXNativeTarget;
			buildConfigurationList = D5ED267823197D0300C16BF7 /* Build configuration list for PBXNativeTarget "LSDyna" */;
			buildPhases = (
				D5ED266923197D0300C16BF7 /* Sources */,
				D5ED266A23197D0300C16BF7 /* Frameworks */,
				D5ED266B23197D0300C16BF7 /* Headers */,
			);
			buildRules = (
			);
			dependencies = (
			);
			name = LSDyna;
			productName = LSDyna;
			productReference = D5ED266D23197D0300C16BF7 /* libLSDyna.a */;
			productType = "com.apple.product-type.library.static";
		};
/* End PBXNativeTarget section */

/* Begin PBXProject section */
		D5ED266523197D0300C16BF7 /* Project object */ = {
			isa = PBXProject;
			attributes = {
				LastUpgradeCheck = 0940;
				ORGANIZATIONNAME = febio.org;
				TargetAttributes = {
					D5ED266C23197D0300C16BF7 = {
						CreatedOnToolsVersion = 9.4.1;
					};
				};
			};
			buildConfigurationList = D5ED266823197D0300C16BF7 /* Build configuration list for PBXProject "LSDyna" */;
			compatibilityVersion = "Xcode 11.0";
			developmentRegion = en;
			hasScannedForEncodings = 0;
			knownRegions = (
				en,
				Base,
			);
			mainGroup = D5ED266423197D0300C16BF7;
			productRefGroup = D5ED266E23197D0300C16BF7 /* Products */;
			projectDirPath = "";
			projectRoot = "";
			targets = (
				D5ED266C23197D0300C16BF7 /* LSDyna */,
			);
		};
/* End PBXProject section */

/* Begin PBXSourcesBuildPhase section */
		D5ED266923197D0300C16BF7 /* Sources */ = {
			isa = PBXSourcesBuildPhase;
			buildActionMask = 2147483647;
			files = (
				D5ED268323197D3E00C16BF7 /* LSDYNAModel.cpp in Sources */,
				D5ED268223197D3E00C16BF7 /* FELSDYNAimport.cpp in Sources */,
				D5ED268423197D3E00C16BF7 /* FELSDYNAexport.cpp in Sources */,
			);
			runOnlyForDeploymentPostprocessing = 0;
		};
/* End PBXSourcesBuildPhase section */

/* Begin XCBuildConfiguration section */
		D5ED267623197D0300C16BF7 /* Debug */ = {
			isa = XCBuildConfiguration;
			buildSettings = {
				ALWAYS_SEARCH_USER_PATHS = YES;
				CLANG_ANALYZER_NONNULL = YES;
				CLANG_ANALYZER_NUMBER_OBJECT_CONVERSION = YES_AGGRESSIVE;
				CLANG_CXX_LANGUAGE_STANDARD = "gnu++14";
				CLANG_CXX_LIBRARY = "libc++";
				CLANG_ENABLE_MODULES = YES;
				CLANG_ENABLE_OBJC_ARC = YES;
				CLANG_ENABLE_OBJC_WEAK = YES;
				CLANG_WARN_BLOCK_CAPTURE_AUTORELEASING = YES;
				CLANG_WARN_BOOL_CONVERSION = YES;
				CLANG_WARN_COMMA = YES;
				CLANG_WARN_CONSTANT_CONVERSION = YES;
				CLANG_WARN_DEPRECATED_OBJC_IMPLEMENTATIONS = YES;
				CLANG_WARN_DIRECT_OBJC_ISA_USAGE = YES_ERROR;
				CLANG_WARN_DOCUMENTATION_COMMENTS = YES;
				CLANG_WARN_EMPTY_BODY = YES;
				CLANG_WARN_ENUM_CONVERSION = YES;
				CLANG_WARN_INFINITE_RECURSION = YES;
				CLANG_WARN_INT_CONVERSION = YES;
				CLANG_WARN_NON_LITERAL_NULL_CONVERSION = YES;
				CLANG_WARN_OBJC_IMPLICIT_RETAIN_SELF = YES;
				CLANG_WARN_OBJC_LITERAL_CONVERSION = YES;
				CLANG_WARN_OBJC_ROOT_CLASS = YES_ERROR;
				CLANG_WARN_RANGE_LOOP_ANALYSIS = YES;
				CLANG_WARN_STRICT_PROTOTYPES = YES;
				CLANG_WARN_SUSPICIOUS_MOVE = YES;
				CLANG_WARN_UNGUARDED_AVAILABILITY = YES_AGGRESSIVE;
				CLANG_WARN_UNREACHABLE_CODE = YES;
				CLANG_WARN__DUPLICATE_METHOD_MATCH = YES;
				CODE_SIGN_IDENTITY = "-";
				COPY_PHASE_STRIP = NO;
				DEBUG_INFORMATION_FORMAT = dwarf;
				ENABLE_STRICT_OBJC_MSGSEND = YES;
				ENABLE_TESTABILITY = YES;
				GCC_C_LANGUAGE_STANDARD = gnu11;
				GCC_DYNAMIC_NO_PIC = NO;
				GCC_NO_COMMON_BLOCKS = YES;
				GCC_OPTIMIZATION_LEVEL = 0;
				GCC_PREPROCESSOR_DEFINITIONS = (
					"DEBUG=1",
					"$(inherited)",
				);
				GCC_WARN_64_TO_32_BIT_CONVERSION = YES;
				GCC_WARN_ABOUT_RETURN_TYPE = YES_ERROR;
				GCC_WARN_UNDECLARED_SELECTOR = YES;
				GCC_WARN_UNINITIALIZED_AUTOS = YES_AGGRESSIVE;
				GCC_WARN_UNUSED_FUNCTION = YES;
				GCC_WARN_UNUSED_VARIABLE = YES;
				MACOSX_DEPLOYMENT_TARGET = 10.9;
				MTL_ENABLE_DEBUG_INFO = YES;
				ONLY_ACTIVE_ARCH = YES;
				SDKROOT = macosx;
				USER_HEADER_SEARCH_PATHS = "$(SRCROOT)/../..";
			};
			name = Debug;
		};
		D5ED267723197D0300C16BF7 /* Release */ = {
			isa = XCBuildConfiguration;
			buildSettings = {
				ALWAYS_SEARCH_USER_PATHS = YES;
				CLANG_ANALYZER_NONNULL = YES;
				CLANG_ANALYZER_NUMBER_OBJECT_CONVERSION = YES_AGGRESSIVE;
				CLANG_CXX_LANGUAGE_STANDARD = "gnu++14";
				CLANG_CXX_LIBRARY = "libc++";
				CLANG_ENABLE_MODULES = YES;
				CLANG_ENABLE_OBJC_ARC = YES;
				CLANG_ENABLE_OBJC_WEAK = YES;
				CLANG_WARN_BLOCK_CAPTURE_AUTORELEASING = YES;
				CLANG_WARN_BOOL_CONVERSION = YES;
				CLANG_WARN_COMMA = YES;
				CLANG_WARN_CONSTANT_CONVERSION = YES;
				CLANG_WARN_DEPRECATED_OBJC_IMPLEMENTATIONS = YES;
				CLANG_WARN_DIRECT_OBJC_ISA_USAGE = YES_ERROR;
				CLANG_WARN_DOCUMENTATION_COMMENTS = YES;
				CLANG_WARN_EMPTY_BODY = YES;
				CLANG_WARN_ENUM_CONVERSION = YES;
				CLANG_WARN_INFINITE_RECURSION = YES;
				CLANG_WARN_INT_CONVERSION = YES;
				CLANG_WARN_NON_LITERAL_NULL_CONVERSION = YES;
				CLANG_WARN_OBJC_IMPLICIT_RETAIN_SELF = YES;
				CLANG_WARN_OBJC_LITERAL_CONVERSION = YES;
				CLANG_WARN_OBJC_ROOT_CLASS = YES_ERROR;
				CLANG_WARN_RANGE_LOOP_ANALYSIS = YES;
				CLANG_WARN_STRICT_PROTOTYPES = YES;
				CLANG_WARN_SUSPICIOUS_MOVE = YES;
				CLANG_WARN_UNGUARDED_AVAILABILITY = YES_AGGRESSIVE;
				CLANG_WARN_UNREACHABLE_CODE = YES;
				CLANG_WARN__DUPLICATE_METHOD_MATCH = YES;
				CODE_SIGN_IDENTITY = "-";
				COPY_PHASE_STRIP = NO;
				DEBUG_INFORMATION_FORMAT = "dwarf-with-dsym";
				ENABLE_NS_ASSERTIONS = NO;
				ENABLE_STRICT_OBJC_MSGSEND = YES;
				GCC_C_LANGUAGE_STANDARD = gnu11;
				GCC_NO_COMMON_BLOCKS = YES;
				GCC_WARN_64_TO_32_BIT_CONVERSION = YES;
				GCC_WARN_ABOUT_RETURN_TYPE = YES_ERROR;
				GCC_WARN_UNDECLARED_SELECTOR = YES;
				GCC_WARN_UNINITIALIZED_AUTOS = YES_AGGRESSIVE;
				GCC_WARN_UNUSED_FUNCTION = YES;
				GCC_WARN_UNUSED_VARIABLE = YES;
				MACOSX_DEPLOYMENT_TARGET = 10.9;
				MTL_ENABLE_DEBUG_INFO = NO;
				SDKROOT = macosx;
				USER_HEADER_SEARCH_PATHS = "$(SRCROOT)/../..";
			};
			name = Release;
		};
		D5ED267923197D0300C16BF7 /* Debug */ = {
			isa = XCBuildConfiguration;
			buildSettings = {
				CODE_SIGN_STYLE = Automatic;
				EXECUTABLE_PREFIX = lib;
				GCC_ENABLE_CPP_EXCEPTIONS = YES;
				GCC_ENABLE_CPP_RTTI = YES;
				PRODUCT_NAME = "$(TARGET_NAME)";
				SKIP_INSTALL = YES;
			};
			name = Debug;
		};
		D5ED267A23197D0300C16BF7 /* Release */ = {
			isa = XCBuildConfiguration;
			buildSettings = {
				CODE_SIGN_STYLE = Automatic;
				EXECUTABLE_PREFIX = lib;
				GCC_ENABLE_CPP_EXCEPTIONS = YES;
				GCC_ENABLE_CPP_RTTI = YES;
				OTHER_CPLUSPLUSFLAGS = (
					"$(OTHER_CFLAGS)",
					"-DNDEBUG",
				);
				PRODUCT_NAME = "$(TARGET_NAME)";
				SKIP_INSTALL = YES;
			};
			name = Release;
		};
/* End XCBuildConfiguration section */

/* Begin XCConfigurationList section */
		D5ED266823197D0300C16BF7 /* Build configuration list for PBXProject "LSDyna" */ = {
			isa = XCConfigurationList;
			buildConfigurations = (
				D5ED267623197D0300C16BF7 /* Debug */,
				D5ED267723197D0300C16BF7 /* Release */,
			);
			defaultConfigurationIsVisible = 0;
			defaultConfigurationName = Release;
		};
		D5ED267823197D0300C16BF7 /* Build configuration list for PBXNativeTarget "LSDyna" */ = {
			isa = XCConfigurationList;
			buildConfigurations = (
				D5ED267923197D0300C16BF7 /* Debug */,
				D5ED267A23197D0300C16BF7 /* Release */,
			);
			defaultConfigurationIsVisible = 0;
			defaultConfigurationName = Release;
		};
/* End XCConfigurationList section */
	};
	rootObject = D5ED266523197D0300C16BF7 /* Project object */;
}
