<?xml version="1.0" encoding="utf-8"?>
<Project ToolsVersion="4.0" xmlns="http://schemas.microsoft.com/developer/msbuild/2003">
  <ItemGroup>
    <Filter Include="Source Files">
      <UniqueIdentifier>{4FC737F1-C7A5-4376-A066-2A32D752A2FF}</UniqueIdentifier>
      <Extensions>cpp;c;cc;cxx;def;odl;idl;hpj;bat;asm;asmx</Extensions>
    </Filter>
    <Filter Include="Header Files">
      <UniqueIdentifier>{93995380-89BD-4b04-88EB-625FBE52EBFB}</UniqueIdentifier>
      <Extensions>h;hh;hpp;hxx;hm;inl;inc;xsd</Extensions>
    </Filter>
    <Filter Include="Resource Files">
      <UniqueIdentifier>{67DA6AB6-F800-4c08-8B7A-83BB121AAD01}</UniqueIdentifier>
      <Extensions>rc;ico;cur;bmp;dlg;rc2;rct;bin;rgs;gif;jpg;jpeg;jpe;resx;tiff;tif;png;wav;mfcribbon-ms</Extensions>
    </Filter>
  </ItemGroup>
  <ItemGroup>
    <Text Include="ReadMe.txt" />
  </ItemGroup>
  <ItemGroup>
    <ClCompile Include="..\..\MeshLib\FECoreMesh.cpp">
      <Filter>Source Files</Filter>
    </ClCompile>
    <ClCompile Include="..\..\MeshLib\FECurveMesh.cpp">
      <Filter>Source Files</Filter>
    </ClCompile>
    <ClCompile Include="..\..\MeshLib\FEEdge.cpp">
      <Filter>Source Files</Filter>
    </ClCompile>
    <ClCompile Include="..\..\MeshLib\FEElement.cpp">
      <Filter>Source Files</Filter>
    </ClCompile>
    <ClCompile Include="..\..\MeshLib\FEFace.cpp">
      <Filter>Source Files</Filter>
    </ClCompile>
    <ClCompile Include="..\..\MeshLib\FEFaceEdgeList.cpp">
      <Filter>Source Files</Filter>
    </ClCompile>
    <ClCompile Include="..\..\MeshLib\FELineMesh.cpp">
      <Filter>Source Files</Filter>
    </ClCompile>
    <ClCompile Include="..\..\MeshLib\FEMesh.cpp">
      <Filter>Source Files</Filter>
    </ClCompile>
    <ClCompile Include="..\..\MeshLib\FEMeshBase.cpp">
      <Filter>Source Files</Filter>
    </ClCompile>
    <ClCompile Include="..\..\MeshLib\FENode.cpp">
      <Filter>Source Files</Filter>
    </ClCompile>
    <ClCompile Include="..\..\MeshLib\FENodeEdgeList.cpp">
      <Filter>Source Files</Filter>
    </ClCompile>
    <ClCompile Include="..\..\MeshLib\FENodeElementList.cpp">
      <Filter>Source Files</Filter>
    </ClCompile>
    <ClCompile Include="..\..\MeshLib\FENodeFaceList.cpp">
      <Filter>Source Files</Filter>
    </ClCompile>
    <ClCompile Include="..\..\MeshLib\FENodeNodeList.cpp">
      <Filter>Source Files</Filter>
    </ClCompile>
    <ClCompile Include="..\..\MeshLib\FESurfaceMesh.cpp">
      <Filter>Source Files</Filter>
    </ClCompile>
    <ClCompile Include="..\..\MeshLib\insertCurve.cpp">
      <Filter>Source Files</Filter>
    </ClCompile>
    <ClCompile Include="..\..\MeshLib\insertCurve2.cpp">
      <Filter>Source Files</Filter>
    </ClCompile>
    <ClCompile Include="..\..\MeshLib\LineMesh2D.cpp">
      <Filter>Source Files</Filter>
    </ClCompile>
    <ClCompile Include="..\..\MeshLib\MeshMetrics.cpp">
      <Filter>Source Files</Filter>
    </ClCompile>
    <ClCompile Include="..\..\MeshLib\MeshTools.cpp">
      <Filter>Source Files</Filter>
    </ClCompile>
    <ClCompile Include="..\..\MeshLib\triangulate.cpp">
      <Filter>Source Files</Filter>
    </ClCompile>
    <ClCompile Include="..\..\MeshLib\TriMesh.cpp">
      <Filter>Source Files</Filter>
    </ClCompile>
    <ClCompile Include="..\..\MeshLib\FEElementLibrary.cpp">
      <Filter>Source Files</Filter>
    </ClCompile>
    <ClCompile Include="..\..\MeshLib\integrate.cpp">
      <Filter>Source Files</Filter>
    </ClCompile>
    <ClCompile Include="..\..\MeshLib\Intersect.cpp">
      <Filter>Source Files</Filter>
    </ClCompile>
    <ClCompile Include="..\..\MeshLib\FEFindElement.cpp">
      <Filter>Source Files</Filter>
    </ClCompile>
    <ClCompile Include="..\..\MeshLib\FEMeshBuilder.cpp">
      <Filter>Source Files</Filter>
    </ClCompile>
  </ItemGroup>
  <ItemGroup>
    <ClInclude Include="..\..\MeshLib\FECoreMesh.h">
      <Filter>Header Files</Filter>
    </ClInclude>
    <ClInclude Include="..\..\MeshLib\FECurveMesh.h">
      <Filter>Header Files</Filter>
    </ClInclude>
    <ClInclude Include="..\..\MeshLib\FEEdge.h">
      <Filter>Header Files</Filter>
    </ClInclude>
    <ClInclude Include="..\..\MeshLib\FEElement.h">
      <Filter>Header Files</Filter>
    </ClInclude>
    <ClInclude Include="..\..\MeshLib\FEFace.h">
      <Filter>Header Files</Filter>
    </ClInclude>
    <ClInclude Include="..\..\MeshLib\FEFaceEdgeList.h">
      <Filter>Header Files</Filter>
    </ClInclude>
    <ClInclude Include="..\..\MeshLib\FEItem.h">
      <Filter>Header Files</Filter>
    </ClInclude>
    <ClInclude Include="..\..\MeshLib\FELineMesh.h">
      <Filter>Header Files</Filter>
    </ClInclude>
    <ClInclude Include="..\..\MeshLib\FEMesh.h">
      <Filter>Header Files</Filter>
    </ClInclude>
    <ClInclude Include="..\..\MeshLib\FEMeshBase.h">
      <Filter>Header Files</Filter>
    </ClInclude>
    <ClInclude Include="..\..\MeshLib\FENode.h">
      <Filter>Header Files</Filter>
    </ClInclude>
    <ClInclude Include="..\..\MeshLib\FENodeEdgeList.h">
      <Filter>Header Files</Filter>
    </ClInclude>
    <ClInclude Include="..\..\MeshLib\FENodeElementList.h">
      <Filter>Header Files</Filter>
    </ClInclude>
    <ClInclude Include="..\..\MeshLib\FENodeFaceList.h">
      <Filter>Header Files</Filter>
    </ClInclude>
    <ClInclude Include="..\..\MeshLib\FENodeNodeList.h">
      <Filter>Header Files</Filter>
    </ClInclude>
    <ClInclude Include="..\..\MeshLib\FESurfaceMesh.h">
      <Filter>Header Files</Filter>
    </ClInclude>
    <ClInclude Include="..\..\MeshLib\insertCurve.h">
      <Filter>Header Files</Filter>
    </ClInclude>
    <ClInclude Include="..\..\MeshLib\insertCurve2.h">
      <Filter>Header Files</Filter>
    </ClInclude>
    <ClInclude Include="..\..\MeshLib\LineMesh2D.h">
      <Filter>Header Files</Filter>
    </ClInclude>
    <ClInclude Include="..\..\MeshLib\MeshItem2D.h">
      <Filter>Header Files</Filter>
    </ClInclude>
    <ClInclude Include="..\..\MeshLib\MeshMetrics.h">
      <Filter>Header Files</Filter>
    </ClInclude>
    <ClInclude Include="..\..\MeshLib\MeshTools.h">
      <Filter>Header Files</Filter>
    </ClInclude>
    <ClInclude Include="..\..\MeshLib\triangulate.h">
      <Filter>Header Files</Filter>
    </ClInclude>
    <ClInclude Include="..\..\MeshLib\TriMesh.h">
      <Filter>Header Files</Filter>
    </ClInclude>
    <ClInclude Include="..\..\MeshLib\TriMesh2D.h">
      <Filter>Header Files</Filter>
    </ClInclude>
    <ClInclude Include="..\..\MeshLib\hex8.h">
      <Filter>Header Files</Filter>
    </ClInclude>
    <ClInclude Include="..\..\MeshLib\hex20.h">
      <Filter>Header Files</Filter>
    </ClInclude>
    <ClInclude Include="..\..\MeshLib\hex27.h">
      <Filter>Header Files</Filter>
    </ClInclude>
    <ClInclude Include="..\..\MeshLib\pyra5.h">
      <Filter>Header Files</Filter>
    </ClInclude>
    <ClInclude Include="..\..\MeshLib\tet4.h">
      <Filter>Header Files</Filter>
    </ClInclude>
    <ClInclude Include="..\..\MeshLib\tet10.h">
      <Filter>Header Files</Filter>
    </ClInclude>
    <ClInclude Include="..\..\MeshLib\tet15.h">
      <Filter>Header Files</Filter>
    </ClInclude>
    <ClInclude Include="..\..\MeshLib\tet20.h">
      <Filter>Header Files</Filter>
    </ClInclude>
    <ClInclude Include="..\..\MeshLib\penta6.h">
      <Filter>Header Files</Filter>
    </ClInclude>
    <ClInclude Include="..\..\MeshLib\penta15.h">
      <Filter>Header Files</Filter>
    </ClInclude>
    <ClInclude Include="..\..\MeshLib\quad8.h">
      <Filter>Header Files</Filter>
    </ClInclude>
    <ClInclude Include="..\..\MeshLib\FEElementLibrary.h">
      <Filter>Header Files</Filter>
    </ClInclude>
    <ClInclude Include="..\..\MeshLib\Intersect.h">
      <Filter>Header Files</Filter>
    </ClInclude>
    <ClInclude Include="..\..\MeshLib\FEFindElement.h">
      <Filter>Header Files</Filter>
    </ClInclude>
    <ClInclude Include="..\..\MeshLib\FEMeshBuilder.h">
      <Filter>Header Files</Filter>
    </ClInclude>
    <ClInclude Include="..\..\MeshLib\tri3.h">
      <Filter>Header Files</Filter>
    </ClInclude>
    <ClInclude Include="..\..\MeshLib\quad4.h">
      <Filter>Header Files</Filter>
    </ClInclude>
  </ItemGroup>
</Project>